
Microsoft Visual Studio Solution File, Format Version 11.00
# Visual Studio 2010
Project("{FAE04EC0-301F-11D3-BF4B-00C04F79EFBC}") = "Rememo", "Rememo\Rememo.csproj", "{80E1A5AA-E93E-4CAA-9969-CEA4559A336D}"
EndProject
Global
	GlobalSection(SolutionConfigurationPlatforms) = preSolution
		Debug|Any CPU = Debug|Any CPU
		Debug|Itanium = Debug|Itanium
		Release|Any CPU = Release|Any CPU
		Release|Itanium = Release|Itanium
	EndGlobalSection
	GlobalSection(ProjectConfigurationPlatforms) = postSolution
		{80E1A5AA-E93E-4CAA-9969-CEA4559A336D}.Debug|Any CPU.ActiveCfg = Debug|Any CPU
		{80E1A5AA-E93E-4CAA-9969-CEA4559A336D}.Debug|Any CPU.Build.0 = Debug|Any CPU
		{80E1A5AA-E93E-4CAA-9969-CEA4559A336D}.Debug|Itanium.ActiveCfg = Debug|Itanium
		{80E1A5AA-E93E-4CAA-9969-CEA4559A336D}.Debug|Itanium.Build.0 = Debug|Itanium
		{80E1A5AA-E93E-4CAA-9969-CEA4559A336D}.Release|Any CPU.ActiveCfg = Release|Any CPU
		{80E1A5AA-E93E-4CAA-9969-CEA4559A336D}.Release|Any CPU.Build.0 = Release|Any CPU
		{80E1A5AA-E93E-4CAA-9969-CEA4559A336D}.Release|Itanium.ActiveCfg = Release|Itanium
		{80E1A5AA-E93E-4CAA-9969-CEA4559A336D}.Release|Itanium.Build.0 = Release|Itanium
	EndGlobalSection
	GlobalSection(SolutionProperties) = preSolution
		HideSolutionNode = FALSE
	EndGlobalSection
	GlobalSection(ExtensibilityGlobals) = postSolution
		VisualSVNWorkingCopyRoot = .
	EndGlobalSection
EndGlobal
